
Microsoft Visual Studio Solution File, Format Version 12.00
# Visual Studio Version 17
VisualStudioVersion = 17.5.33516.290
MinimumVisualStudioVersion = 10.0.40219.1
Project("{2150E333-8FDC-42A3-9474-1A3956D46DE8}") = "Tests", "Tests", "{D90BE615-CE18-450B-8063-7C7E756CD3AC}"
EndProject
Project("{2150E333-8FDC-42A3-9474-1A3956D46DE8}") = "CampaignCompanion", "CampaignCompanion", "{9F41D7D3-C9E7-45BC-AEA7-B9E4A7748BF2}"
EndProject
Project("{FAE04EC0-301F-11D3-BF4B-00C04F79EFBC}") = "Web.Server", "Web\Server\Web.Server.csproj", "{86894BEF-0E95-4627-9EDA-E28B472D38ED}"
EndProject
Project("{FAE04EC0-301F-11D3-BF4B-00C04F79EFBC}") = "Web.Client", "Web\Client\Web.Client.csproj", "{2483E279-2EF2-4DF5-B7FA-4E15312B4958}"
EndProject
Project("{FAE04EC0-301F-11D3-BF4B-00C04F79EFBC}") = "Web.Shared", "Web\Shared\Web.Shared.csproj", "{FB4E9277-6AC0-4D3D-82C7-B635F3222225}"
EndProject
Project("{FAE04EC0-301F-11D3-BF4B-00C04F79EFBC}") = "Tests", "Tests\Tests.csproj", "{BFA75416-B132-4043-97ED-860D7CC19373}"
EndProject
Global
	GlobalSection(SolutionConfigurationPlatforms) = preSolution
		Debug|Any CPU = Debug|Any CPU
		Release|Any CPU = Release|Any CPU
	EndGlobalSection
	GlobalSection(ProjectConfigurationPlatforms) = postSolution
		{86894BEF-0E95-4627-9EDA-E28B472D38ED}.Debug|Any CPU.ActiveCfg = Debug|Any CPU
		{86894BEF-0E95-4627-9EDA-E28B472D38ED}.Debug|Any CPU.Build.0 = Debug|Any CPU
		{86894BEF-0E95-4627-9EDA-E28B472D38ED}.Release|Any CPU.ActiveCfg = Release|Any CPU
		{86894BEF-0E95-4627-9EDA-E28B472D38ED}.Release|Any CPU.Build.0 = Release|Any CPU
		{2483E279-2EF2-4DF5-B7FA-4E15312B4958}.Debug|Any CPU.ActiveCfg = Debug|Any CPU
		{2483E279-2EF2-4DF5-B7FA-4E15312B4958}.Debug|Any CPU.Build.0 = Debug|Any CPU
		{2483E279-2EF2-4DF5-B7FA-4E15312B4958}.Release|Any CPU.ActiveCfg = Release|Any CPU
		{2483E279-2EF2-4DF5-B7FA-4E15312B4958}.Release|Any CPU.Build.0 = Release|Any CPU
		{FB4E9277-6AC0-4D3D-82C7-B635F3222225}.Debug|Any CPU.ActiveCfg = Debug|Any CPU
		{FB4E9277-6AC0-4D3D-82C7-B635F3222225}.Debug|Any CPU.Build.0 = Debug|Any CPU
		{FB4E9277-6AC0-4D3D-82C7-B635F3222225}.Release|Any CPU.ActiveCfg = Release|Any CPU
		{FB4E9277-6AC0-4D3D-82C7-B635F3222225}.Release|Any CPU.Build.0 = Release|Any CPU
		{BFA75416-B132-4043-97ED-860D7CC19373}.Debug|Any CPU.ActiveCfg = Debug|Any CPU
		{BFA75416-B132-4043-97ED-860D7CC19373}.Debug|Any CPU.Build.0 = Debug|Any CPU
		{BFA75416-B132-4043-97ED-860D7CC19373}.Release|Any CPU.ActiveCfg = Release|Any CPU
		{BFA75416-B132-4043-97ED-860D7CC19373}.Release|Any CPU.Build.0 = Release|Any CPU
	EndGlobalSection
	GlobalSection(SolutionProperties) = preSolution
		HideSolutionNode = FALSE
	EndGlobalSection
	GlobalSection(NestedProjects) = preSolution
		{86894BEF-0E95-4627-9EDA-E28B472D38ED} = {9F41D7D3-C9E7-45BC-AEA7-B9E4A7748BF2}
		{2483E279-2EF2-4DF5-B7FA-4E15312B4958} = {9F41D7D3-C9E7-45BC-AEA7-B9E4A7748BF2}
		{FB4E9277-6AC0-4D3D-82C7-B635F3222225} = {9F41D7D3-C9E7-45BC-AEA7-B9E4A7748BF2}
		{BFA75416-B132-4043-97ED-860D7CC19373} = {D90BE615-CE18-450B-8063-7C7E756CD3AC}
	EndGlobalSection
	GlobalSection(ExtensibilityGlobals) = postSolution
		SolutionGuid = {5BE6B6BB-36EF-469C-8F96-EB5C9651F952}
	EndGlobalSection
EndGlobal
